// !$*UTF8*$!
{
	archiveVersion = 1;
	classes = {
	};
	objectVersion = 46;
	objects = {

/* Begin PBXBuildFile section */
		034F6138860FAF662B24E4EF /* Pods_webview_sample.framework in Frameworks */ = {isa = PBXBuildFile; fileRef = 0476E33A78A766F4D76107F0 /* Pods_webview_sample.framework */; };
		1D5892D376630CA6F6232E2E /* Pods_webview_sampleTests.framework in Frameworks */ = {isa = PBXBuildFile; fileRef = 1ABD9519B4C584A262206F9B /* Pods_webview_sampleTests.framework */; };
		59B40FCD67BB1B0CA2D49E45 /* Pods_webview_sampleUITests.framework in Frameworks */ = {isa = PBXBuildFile; fileRef = AF8E46BDBBD8484ED841EB53 /* Pods_webview_sampleUITests.framework */; };
		AE6A14231EAF23F7005026C5 /* AppDelegate.swift in Sources */ = {isa = PBXBuildFile; fileRef = AE6A14221EAF23F7005026C5 /* AppDelegate.swift */; };
		AE6A14281EAF23F7005026C5 /* Main.storyboard in Resources */ = {isa = PBXBuildFile; fileRef = AE6A14261EAF23F7005026C5 /* Main.storyboard */; };
		AE6A142B1EAF23F7005026C5 /* webview_sample.xcdatamodeld in Sources */ = {isa = PBXBuildFile; fileRef = AE6A14291EAF23F7005026C5 /* webview_sample.xcdatamodeld */; };
		AE6A142D1EAF23F7005026C5 /* Assets.xcassets in Resources */ = {isa = PBXBuildFile; fileRef = AE6A142C1EAF23F7005026C5 /* Assets.xcassets */; };
		AE6A14301EAF23F7005026C5 /* LaunchScreen.storyboard in Resources */ = {isa = PBXBuildFile; fileRef = AE6A142E1EAF23F7005026C5 /* LaunchScreen.storyboard */; };
		AE6A143B1EAF23F7005026C5 /* WebviewSampleTests.swift in Sources */ = {isa = PBXBuildFile; fileRef = AE6A143A1EAF23F7005026C5 /* WebviewSampleTests.swift */; };
		AE6A14461EAF23F7005026C5 /* webviewSampleUITests.swift in Sources */ = {isa = PBXBuildFile; fileRef = AE6A14451EAF23F7005026C5 /* webviewSampleUITests.swift */; };
		AE6A14991EB2E35C005026C5 /* UIWebViewController.swift in Sources */ = {isa = PBXBuildFile; fileRef = AE6A14981EB2E35C005026C5 /* UIWebViewController.swift */; };
		AE6A149B1EB2E37B005026C5 /* WKWebViewController.swift in Sources */ = {isa = PBXBuildFile; fileRef = AE6A149A1EB2E37B005026C5 /* WKWebViewController.swift */; };
		AE6A14A11EC0743E005026C5 /* Settings.bundle in Resources */ = {isa = PBXBuildFile; fileRef = AE6A14A01EC0743E005026C5 /* Settings.bundle */; };
/* End PBXBuildFile section */

/* Begin PBXContainerItemProxy section */
		AE6A14371EAF23F7005026C5 /* PBXContainerItemProxy */ = {
			isa = PBXContainerItemProxy;
			containerPortal = AE6A14171EAF23F7005026C5 /* Project object */;
			proxyType = 1;
			remoteGlobalIDString = AE6A141E1EAF23F7005026C5;
			remoteInfo = "webview-sample";
		};
		AE6A14421EAF23F7005026C5 /* PBXContainerItemProxy */ = {
			isa = PBXContainerItemProxy;
			containerPortal = AE6A14171EAF23F7005026C5 /* Project object */;
			proxyType = 1;
			remoteGlobalIDString = AE6A141E1EAF23F7005026C5;
			remoteInfo = "webview-sample";
		};
/* End PBXContainerItemProxy section */

/* Begin PBXFileReference section */
		0476E33A78A766F4D76107F0 /* Pods_webview_sample.framework */ = {isa = PBXFileReference; explicitFileType = wrapper.framework; includeInIndex = 0; path = Pods_webview_sample.framework; sourceTree = BUILT_PRODUCTS_DIR; };
		1ABD9519B4C584A262206F9B /* Pods_webview_sampleTests.framework */ = {isa = PBXFileReference; explicitFileType = wrapper.framework; includeInIndex = 0; path = Pods_webview_sampleTests.framework; sourceTree = BUILT_PRODUCTS_DIR; };
		375AE4861AB04527EC375C6E /* Pods-webview-sampleTests.release.xcconfig */ = {isa = PBXFileReference; includeInIndex = 1; lastKnownFileType = text.xcconfig; name = "Pods-webview-sampleTests.release.xcconfig"; path = "Pods/Target Support Files/Pods-webview-sampleTests/Pods-webview-sampleTests.release.xcconfig"; sourceTree = "<group>"; };
		6240EA0299FBAEC11C530A45 /* Pods-webview-sample.release.xcconfig */ = {isa = PBXFileReference; includeInIndex = 1; lastKnownFileType = text.xcconfig; name = "Pods-webview-sample.release.xcconfig"; path = "Pods/Target Support Files/Pods-webview-sample/Pods-webview-sample.release.xcconfig"; sourceTree = "<group>"; };
		AD0DFCAF1D7A77B0DF6C0751 /* Pods-webview-sampleTests.debug.xcconfig */ = {isa = PBXFileReference; includeInIndex = 1; lastKnownFileType = text.xcconfig; name = "Pods-webview-sampleTests.debug.xcconfig"; path = "Pods/Target Support Files/Pods-webview-sampleTests/Pods-webview-sampleTests.debug.xcconfig"; sourceTree = "<group>"; };
		AE6A141F1EAF23F7005026C5 /* webview-sample.app */ = {isa = PBXFileReference; explicitFileType = wrapper.application; includeInIndex = 0; path = "webview-sample.app"; sourceTree = BUILT_PRODUCTS_DIR; };
		AE6A14221EAF23F7005026C5 /* AppDelegate.swift */ = {isa = PBXFileReference; lastKnownFileType = sourcecode.swift; path = AppDelegate.swift; sourceTree = "<group>"; };
		AE6A14271EAF23F7005026C5 /* Base */ = {isa = PBXFileReference; lastKnownFileType = file.storyboard; name = Base; path = Base.lproj/Main.storyboard; sourceTree = "<group>"; };
		AE6A142A1EAF23F7005026C5 /* webview_sample.xcdatamodel */ = {isa = PBXFileReference; lastKnownFileType = wrapper.xcdatamodel; path = webview_sample.xcdatamodel; sourceTree = "<group>"; };
		AE6A142C1EAF23F7005026C5 /* Assets.xcassets */ = {isa = PBXFileReference; lastKnownFileType = folder.assetcatalog; path = Assets.xcassets; sourceTree = "<group>"; };
		AE6A142F1EAF23F7005026C5 /* Base */ = {isa = PBXFileReference; lastKnownFileType = file.storyboard; name = Base; path = Base.lproj/LaunchScreen.storyboard; sourceTree = "<group>"; };
		AE6A14311EAF23F7005026C5 /* Info.plist */ = {isa = PBXFileReference; lastKnownFileType = text.plist.xml; path = Info.plist; sourceTree = "<group>"; };
		AE6A14361EAF23F7005026C5 /* webview-sampleTests.xctest */ = {isa = PBXFileReference; explicitFileType = wrapper.cfbundle; includeInIndex = 0; path = "webview-sampleTests.xctest"; sourceTree = BUILT_PRODUCTS_DIR; };
		AE6A143A1EAF23F7005026C5 /* WebviewSampleTests.swift */ = {isa = PBXFileReference; lastKnownFileType = sourcecode.swift; path = WebviewSampleTests.swift; sourceTree = "<group>"; };
		AE6A143C1EAF23F7005026C5 /* Info.plist */ = {isa = PBXFileReference; lastKnownFileType = text.plist.xml; path = Info.plist; sourceTree = "<group>"; };
		AE6A14411EAF23F7005026C5 /* webview-sampleUITests.xctest */ = {isa = PBXFileReference; explicitFileType = wrapper.cfbundle; includeInIndex = 0; path = "webview-sampleUITests.xctest"; sourceTree = BUILT_PRODUCTS_DIR; };
		AE6A14451EAF23F7005026C5 /* webviewSampleUITests.swift */ = {isa = PBXFileReference; lastKnownFileType = sourcecode.swift; path = webviewSampleUITests.swift; sourceTree = "<group>"; };
		AE6A14471EAF23F7005026C5 /* Info.plist */ = {isa = PBXFileReference; lastKnownFileType = text.plist.xml; path = Info.plist; sourceTree = "<group>"; };
		AE6A14981EB2E35C005026C5 /* UIWebViewController.swift */ = {isa = PBXFileReference; fileEncoding = 4; lastKnownFileType = sourcecode.swift; path = UIWebViewController.swift; sourceTree = "<group>"; };
		AE6A149A1EB2E37B005026C5 /* WKWebViewController.swift */ = {isa = PBXFileReference; fileEncoding = 4; lastKnownFileType = sourcecode.swift; path = WKWebViewController.swift; sourceTree = "<group>"; };
		AE6A14A01EC0743E005026C5 /* Settings.bundle */ = {isa = PBXFileReference; lastKnownFileType = "wrapper.plug-in"; path = Settings.bundle; sourceTree = "<group>"; };
		AF8E46BDBBD8484ED841EB53 /* Pods_webview_sampleUITests.framework */ = {isa = PBXFileReference; explicitFileType = wrapper.framework; includeInIndex = 0; path = Pods_webview_sampleUITests.framework; sourceTree = BUILT_PRODUCTS_DIR; };
		B0980D7D90D2C7EFDF2AA20C /* Pods-webview-sampleUITests.release.xcconfig */ = {isa = PBXFileReference; includeInIndex = 1; lastKnownFileType = text.xcconfig; name = "Pods-webview-sampleUITests.release.xcconfig"; path = "Pods/Target Support Files/Pods-webview-sampleUITests/Pods-webview-sampleUITests.release.xcconfig"; sourceTree = "<group>"; };
		CA8BBDF15AE15ACCD689925C /* Pods-webview-sample.debug.xcconfig */ = {isa = PBXFileReference; includeInIndex = 1; lastKnownFileType = text.xcconfig; name = "Pods-webview-sample.debug.xcconfig"; path = "Pods/Target Support Files/Pods-webview-sample/Pods-webview-sample.debug.xcconfig"; sourceTree = "<group>"; };
		D44A662374D5DD9ABF831A3E /* Pods-webview-sampleUITests.debug.xcconfig */ = {isa = PBXFileReference; includeInIndex = 1; lastKnownFileType = text.xcconfig; name = "Pods-webview-sampleUITests.debug.xcconfig"; path = "Pods/Target Support Files/Pods-webview-sampleUITests/Pods-webview-sampleUITests.debug.xcconfig"; sourceTree = "<group>"; };
/* End PBXFileReference section */

/* Begin PBXFrameworksBuildPhase section */
		AE6A141C1EAF23F7005026C5 /* Frameworks */ = {
			isa = PBXFrameworksBuildPhase;
			buildActionMask = 2147483647;
			files = (
				034F6138860FAF662B24E4EF /* Pods_webview_sample.framework in Frameworks */,
			);
			runOnlyForDeploymentPostprocessing = 0;
		};
		AE6A14331EAF23F7005026C5 /* Frameworks */ = {
			isa = PBXFrameworksBuildPhase;
			buildActionMask = 2147483647;
			files = (
				1D5892D376630CA6F6232E2E /* Pods_webview_sampleTests.framework in Frameworks */,
			);
			runOnlyForDeploymentPostprocessing = 0;
		};
		AE6A143E1EAF23F7005026C5 /* Frameworks */ = {
			isa = PBXFrameworksBuildPhase;
			buildActionMask = 2147483647;
			files = (
				59B40FCD67BB1B0CA2D49E45 /* Pods_webview_sampleUITests.framework in Frameworks */,
			);
			runOnlyForDeploymentPostprocessing = 0;
		};
/* End PBXFrameworksBuildPhase section */

/* Begin PBXGroup section */
		39C539FBC9A98411989A5F9D /* Frameworks */ = {
			isa = PBXGroup;
			children = (
				0476E33A78A766F4D76107F0 /* Pods_webview_sample.framework */,
				1ABD9519B4C584A262206F9B /* Pods_webview_sampleTests.framework */,
				AF8E46BDBBD8484ED841EB53 /* Pods_webview_sampleUITests.framework */,
			);
			name = Frameworks;
			sourceTree = "<group>";
		};
		68DD49D0C484F51B17B30EF4 /* Pods */ = {
			isa = PBXGroup;
			children = (
				CA8BBDF15AE15ACCD689925C /* Pods-webview-sample.debug.xcconfig */,
				6240EA0299FBAEC11C530A45 /* Pods-webview-sample.release.xcconfig */,
				AD0DFCAF1D7A77B0DF6C0751 /* Pods-webview-sampleTests.debug.xcconfig */,
				375AE4861AB04527EC375C6E /* Pods-webview-sampleTests.release.xcconfig */,
				D44A662374D5DD9ABF831A3E /* Pods-webview-sampleUITests.debug.xcconfig */,
				B0980D7D90D2C7EFDF2AA20C /* Pods-webview-sampleUITests.release.xcconfig */,
			);
			name = Pods;
			sourceTree = "<group>";
		};
		AE6A14161EAF23F7005026C5 = {
			isa = PBXGroup;
			children = (
				AE6A14211EAF23F7005026C5 /* webview-sample */,
				AE6A14391EAF23F7005026C5 /* webview-sampleTests */,
				AE6A14441EAF23F7005026C5 /* webview-sampleUITests */,
				AE6A14201EAF23F7005026C5 /* Products */,
				68DD49D0C484F51B17B30EF4 /* Pods */,
				39C539FBC9A98411989A5F9D /* Frameworks */,
			);
			sourceTree = "<group>";
		};
		AE6A14201EAF23F7005026C5 /* Products */ = {
			isa = PBXGroup;
			children = (
				AE6A141F1EAF23F7005026C5 /* webview-sample.app */,
				AE6A14361EAF23F7005026C5 /* webview-sampleTests.xctest */,
				AE6A14411EAF23F7005026C5 /* webview-sampleUITests.xctest */,
			);
			name = Products;
			sourceTree = "<group>";
		};
		AE6A14211EAF23F7005026C5 /* webview-sample */ = {
			isa = PBXGroup;
			children = (
				AE6A14221EAF23F7005026C5 /* AppDelegate.swift */,
				AE6A14981EB2E35C005026C5 /* UIWebViewController.swift */,
				AE6A149A1EB2E37B005026C5 /* WKWebViewController.swift */,
				AE6A14261EAF23F7005026C5 /* Main.storyboard */,
				AE6A142C1EAF23F7005026C5 /* Assets.xcassets */,
				AE6A142E1EAF23F7005026C5 /* LaunchScreen.storyboard */,
				AE6A14311EAF23F7005026C5 /* Info.plist */,
				AE6A14291EAF23F7005026C5 /* webview_sample.xcdatamodeld */,
				AE6A14A01EC0743E005026C5 /* Settings.bundle */,
			);
			path = "webview-sample";
			sourceTree = "<group>";
		};
		AE6A14391EAF23F7005026C5 /* webview-sampleTests */ = {
			isa = PBXGroup;
			children = (
				AE6A143A1EAF23F7005026C5 /* WebviewSampleTests.swift */,
				AE6A143C1EAF23F7005026C5 /* Info.plist */,
			);
			path = "webview-sampleTests";
			sourceTree = "<group>";
		};
		AE6A14441EAF23F7005026C5 /* webview-sampleUITests */ = {
			isa = PBXGroup;
			children = (
				AE6A14451EAF23F7005026C5 /* webviewSampleUITests.swift */,
				AE6A14471EAF23F7005026C5 /* Info.plist */,
			);
			path = "webview-sampleUITests";
			sourceTree = "<group>";
		};
/* End PBXGroup section */

/* Begin PBXNativeTarget section */
		AE6A141E1EAF23F7005026C5 /* webview-sample */ = {
			isa = PBXNativeTarget;
			buildConfigurationList = AE6A144A1EAF23F7005026C5 /* Build configuration list for PBXNativeTarget "webview-sample" */;
			buildPhases = (
				94D919F254FE16CB46864460 /* [CP] Check Pods Manifest.lock */,
				AE6A141B1EAF23F7005026C5 /* Sources */,
				AE6A141C1EAF23F7005026C5 /* Frameworks */,
				AE6A141D1EAF23F7005026C5 /* Resources */,
				316FA400604179F57FC0C7C3 /* [CP] Embed Pods Frameworks */,
				84CB90CB93E7541B8D9D62C6 /* [CP] Copy Pods Resources */,
				AEA0EB5F1FA335DF00596D21 /* Fabric */,
			);
			buildRules = (
			);
			dependencies = (
			);
			name = "webview-sample";
			productName = "webview-sample";
			productReference = AE6A141F1EAF23F7005026C5 /* webview-sample.app */;
			productType = "com.apple.product-type.application";
		};
		AE6A14351EAF23F7005026C5 /* webview-sampleTests */ = {
			isa = PBXNativeTarget;
			buildConfigurationList = AE6A144D1EAF23F7005026C5 /* Build configuration list for PBXNativeTarget "webview-sampleTests" */;
			buildPhases = (
				0A3508BCD07F71D45C40D3D4 /* [CP] Check Pods Manifest.lock */,
				AE6A14321EAF23F7005026C5 /* Sources */,
				AE6A14331EAF23F7005026C5 /* Frameworks */,
				AE6A14341EAF23F7005026C5 /* Resources */,
				FBCA35F7A5822ED572ACDB4D /* [CP] Embed Pods Frameworks */,
				32008EE4EF4D082A46470E18 /* [CP] Copy Pods Resources */,
			);
			buildRules = (
			);
			dependencies = (
				AE6A14381EAF23F7005026C5 /* PBXTargetDependency */,
			);
			name = "webview-sampleTests";
			productName = "webview-sampleTests";
			productReference = AE6A14361EAF23F7005026C5 /* webview-sampleTests.xctest */;
			productType = "com.apple.product-type.bundle.unit-test";
		};
		AE6A14401EAF23F7005026C5 /* webview-sampleUITests */ = {
			isa = PBXNativeTarget;
			buildConfigurationList = AE6A14501EAF23F7005026C5 /* Build configuration list for PBXNativeTarget "webview-sampleUITests" */;
			buildPhases = (
				4559FDA0DABA750EB5CCFE43 /* [CP] Check Pods Manifest.lock */,
				AE6A143D1EAF23F7005026C5 /* Sources */,
				AE6A143E1EAF23F7005026C5 /* Frameworks */,
				AE6A143F1EAF23F7005026C5 /* Resources */,
				01C5D58AEC5BE9B2E6975D78 /* [CP] Embed Pods Frameworks */,
				205A441E57CF1A2C50E8A324 /* [CP] Copy Pods Resources */,
			);
			buildRules = (
			);
			dependencies = (
				AE6A14431EAF23F7005026C5 /* PBXTargetDependency */,
			);
			name = "webview-sampleUITests";
			productName = "webview-sampleUITests";
			productReference = AE6A14411EAF23F7005026C5 /* webview-sampleUITests.xctest */;
			productType = "com.apple.product-type.bundle.ui-testing";
		};
/* End PBXNativeTarget section */

/* Begin PBXProject section */
		AE6A14171EAF23F7005026C5 /* Project object */ = {
			isa = PBXProject;
			attributes = {
				LastSwiftUpdateCheck = 0820;
				LastUpgradeCheck = 0820;
				ORGANIZATIONNAME = "數田 裕介";
				TargetAttributes = {
					AE6A141E1EAF23F7005026C5 = {
						CreatedOnToolsVersion = 8.2.1;
						DevelopmentTeam = J9LYVN4269;
						ProvisioningStyle = Automatic;
					};
					AE6A14351EAF23F7005026C5 = {
						CreatedOnToolsVersion = 8.2.1;
						ProvisioningStyle = Automatic;
						TestTargetID = AE6A141E1EAF23F7005026C5;
					};
					AE6A14401EAF23F7005026C5 = {
						CreatedOnToolsVersion = 8.2.1;
						ProvisioningStyle = Automatic;
						TestTargetID = AE6A141E1EAF23F7005026C5;
					};
				};
			};
			buildConfigurationList = AE6A141A1EAF23F7005026C5 /* Build configuration list for PBXProject "webview-sample" */;
			compatibilityVersion = "Xcode 3.2";
			developmentRegion = English;
			hasScannedForEncodings = 0;
			knownRegions = (
				en,
				Base,
			);
			mainGroup = AE6A14161EAF23F7005026C5;
			productRefGroup = AE6A14201EAF23F7005026C5 /* Products */;
			projectDirPath = "";
			projectRoot = "";
			targets = (
				AE6A141E1EAF23F7005026C5 /* webview-sample */,
				AE6A14351EAF23F7005026C5 /* webview-sampleTests */,
				AE6A14401EAF23F7005026C5 /* webview-sampleUITests */,
			);
		};
/* End PBXProject section */

/* Begin PBXResourcesBuildPhase section */
		AE6A141D1EAF23F7005026C5 /* Resources */ = {
			isa = PBXResourcesBuildPhase;
			buildActionMask = 2147483647;
			files = (
				AE6A14A11EC0743E005026C5 /* Settings.bundle in Resources */,
				AE6A14301EAF23F7005026C5 /* LaunchScreen.storyboard in Resources */,
				AE6A142D1EAF23F7005026C5 /* Assets.xcassets in Resources */,
				AE6A14281EAF23F7005026C5 /* Main.storyboard in Resources */,
			);
			runOnlyForDeploymentPostprocessing = 0;
		};
		AE6A14341EAF23F7005026C5 /* Resources */ = {
			isa = PBXResourcesBuildPhase;
			buildActionMask = 2147483647;
			files = (
			);
			runOnlyForDeploymentPostprocessing = 0;
		};
		AE6A143F1EAF23F7005026C5 /* Resources */ = {
			isa = PBXResourcesBuildPhase;
			buildActionMask = 2147483647;
			files = (
			);
			runOnlyForDeploymentPostprocessing = 0;
		};
/* End PBXResourcesBuildPhase section */

/* Begin PBXShellScriptBuildPhase section */
		01C5D58AEC5BE9B2E6975D78 /* [CP] Embed Pods Frameworks */ = {
			isa = PBXShellScriptBuildPhase;
			buildActionMask = 2147483647;
			files = (
			);
			inputPaths = (
			);
			name = "[CP] Embed Pods Frameworks";
			outputPaths = (
			);
			runOnlyForDeploymentPostprocessing = 0;
			shellPath = /bin/sh;
			shellScript = "\"${SRCROOT}/Pods/Target Support Files/Pods-webview-sampleUITests/Pods-webview-sampleUITests-frameworks.sh\"\n";
			showEnvVarsInLog = 0;
		};
		0A3508BCD07F71D45C40D3D4 /* [CP] Check Pods Manifest.lock */ = {
			isa = PBXShellScriptBuildPhase;
			buildActionMask = 2147483647;
			files = (
			);
			inputPaths = (
			);
			name = "[CP] Check Pods Manifest.lock";
			outputPaths = (
			);
			runOnlyForDeploymentPostprocessing = 0;
			shellPath = /bin/sh;
			shellScript = "diff \"${PODS_PODFILE_DIR_PATH}/Podfile.lock\" \"${PODS_ROOT}/Manifest.lock\" > /dev/null\nif [ $? != 0 ] ; then\n    # print error to STDERR\n    echo \"error: The sandbox is not in sync with the Podfile.lock. Run 'pod install' or update your CocoaPods installation.\" >&2\n    exit 1\nfi\n";
			showEnvVarsInLog = 0;
		};
		205A441E57CF1A2C50E8A324 /* [CP] Copy Pods Resources */ = {
			isa = PBXShellScriptBuildPhase;
			buildActionMask = 2147483647;
			files = (
			);
			inputPaths = (
			);
			name = "[CP] Copy Pods Resources";
			outputPaths = (
			);
			runOnlyForDeploymentPostprocessing = 0;
			shellPath = /bin/sh;
			shellScript = "\"${SRCROOT}/Pods/Target Support Files/Pods-webview-sampleUITests/Pods-webview-sampleUITests-resources.sh\"\n";
			showEnvVarsInLog = 0;
		};
		316FA400604179F57FC0C7C3 /* [CP] Embed Pods Frameworks */ = {
			isa = PBXShellScriptBuildPhase;
			buildActionMask = 2147483647;
			files = (
			);
			inputPaths = (
			);
			name = "[CP] Embed Pods Frameworks";
			outputPaths = (
			);
			runOnlyForDeploymentPostprocessing = 0;
			shellPath = /bin/sh;
			shellScript = "\"${SRCROOT}/Pods/Target Support Files/Pods-webview-sample/Pods-webview-sample-frameworks.sh\"\n";
			showEnvVarsInLog = 0;
		};
		32008EE4EF4D082A46470E18 /* [CP] Copy Pods Resources */ = {
			isa = PBXShellScriptBuildPhase;
			buildActionMask = 2147483647;
			files = (
			);
			inputPaths = (
			);
			name = "[CP] Copy Pods Resources";
			outputPaths = (
			);
			runOnlyForDeploymentPostprocessing = 0;
			shellPath = /bin/sh;
			shellScript = "\"${SRCROOT}/Pods/Target Support Files/Pods-webview-sampleTests/Pods-webview-sampleTests-resources.sh\"\n";
			showEnvVarsInLog = 0;
		};
		4559FDA0DABA750EB5CCFE43 /* [CP] Check Pods Manifest.lock */ = {
			isa = PBXShellScriptBuildPhase;
			buildActionMask = 2147483647;
			files = (
			);
			inputPaths = (
			);
			name = "[CP] Check Pods Manifest.lock";
			outputPaths = (
			);
			runOnlyForDeploymentPostprocessing = 0;
			shellPath = /bin/sh;
			shellScript = "diff \"${PODS_PODFILE_DIR_PATH}/Podfile.lock\" \"${PODS_ROOT}/Manifest.lock\" > /dev/null\nif [ $? != 0 ] ; then\n    # print error to STDERR\n    echo \"error: The sandbox is not in sync with the Podfile.lock. Run 'pod install' or update your CocoaPods installation.\" >&2\n    exit 1\nfi\n";
			showEnvVarsInLog = 0;
		};
		84CB90CB93E7541B8D9D62C6 /* [CP] Copy Pods Resources */ = {
			isa = PBXShellScriptBuildPhase;
			buildActionMask = 2147483647;
			files = (
			);
			inputPaths = (
			);
			name = "[CP] Copy Pods Resources";
			outputPaths = (
			);
			runOnlyForDeploymentPostprocessing = 0;
			shellPath = /bin/sh;
			shellScript = "\"${SRCROOT}/Pods/Target Support Files/Pods-webview-sample/Pods-webview-sample-resources.sh\"\n";
			showEnvVarsInLog = 0;
		};
		94D919F254FE16CB46864460 /* [CP] Check Pods Manifest.lock */ = {
			isa = PBXShellScriptBuildPhase;
			buildActionMask = 2147483647;
			files = (
			);
			inputPaths = (
			);
			name = "[CP] Check Pods Manifest.lock";
			outputPaths = (
			);
			runOnlyForDeploymentPostprocessing = 0;
			shellPath = /bin/sh;
			shellScript = "diff \"${PODS_PODFILE_DIR_PATH}/Podfile.lock\" \"${PODS_ROOT}/Manifest.lock\" > /dev/null\nif [ $? != 0 ] ; then\n    # print error to STDERR\n    echo \"error: The sandbox is not in sync with the Podfile.lock. Run 'pod install' or update your CocoaPods installation.\" >&2\n    exit 1\nfi\n";
			showEnvVarsInLog = 0;
		};
		AEA0EB5F1FA335DF00596D21 /* Fabric */ = {
			isa = PBXShellScriptBuildPhase;
			buildActionMask = 2147483647;
			files = (
			);
			inputPaths = (
			);
			name = Fabric;
			outputPaths = (
			);
			runOnlyForDeploymentPostprocessing = 0;
			shellPath = /bin/sh;
			shellScript = "\"${PODS_ROOT}/Fabric/run\" eb1091b5b11db96b8942619f12d6b2f2781ca2be 0b0e60e4552fdc027109228a426fbf4fbd00e48a046f91e01a43dc82108829de";
		};
		FBCA35F7A5822ED572ACDB4D /* [CP] Embed Pods Frameworks */ = {
			isa = PBXShellScriptBuildPhase;
			buildActionMask = 2147483647;
			files = (
			);
			inputPaths = (
			);
			name = "[CP] Embed Pods Frameworks";
			outputPaths = (
			);
			runOnlyForDeploymentPostprocessing = 0;
			shellPath = /bin/sh;
			shellScript = "\"${SRCROOT}/Pods/Target Support Files/Pods-webview-sampleTests/Pods-webview-sampleTests-frameworks.sh\"\n";
			showEnvVarsInLog = 0;
		};
/* End PBXShellScriptBuildPhase section */

/* Begin PBXSourcesBuildPhase section */
		AE6A141B1EAF23F7005026C5 /* Sources */ = {
			isa = PBXSourcesBuildPhase;
			buildActionMask = 2147483647;
			files = (
				AE6A149B1EB2E37B005026C5 /* WKWebViewController.swift in Sources */,
				AE6A14231EAF23F7005026C5 /* AppDelegate.swift in Sources */,
				AE6A142B1EAF23F7005026C5 /* webview_sample.xcdatamodeld in Sources */,
				AE6A14991EB2E35C005026C5 /* UIWebViewController.swift in Sources */,
			);
			runOnlyForDeploymentPostprocessing = 0;
		};
		AE6A14321EAF23F7005026C5 /* Sources */ = {
			isa = PBXSourcesBuildPhase;
			buildActionMask = 2147483647;
			files = (
				AE6A143B1EAF23F7005026C5 /* WebviewSampleTests.swift in Sources */,
			);
			runOnlyForDeploymentPostprocessing = 0;
		};
		AE6A143D1EAF23F7005026C5 /* Sources */ = {
			isa = PBXSourcesBuildPhase;
			buildActionMask = 2147483647;
			files = (
				AE6A14461EAF23F7005026C5 /* webviewSampleUITests.swift in Sources */,
			);
			runOnlyForDeploymentPostprocessing = 0;
		};
/* End PBXSourcesBuildPhase section */

/* Begin PBXTargetDependency section */
		AE6A14381EAF23F7005026C5 /* PBXTargetDependency */ = {
			isa = PBXTargetDependency;
			target = AE6A141E1EAF23F7005026C5 /* webview-sample */;
			targetProxy = AE6A14371EAF23F7005026C5 /* PBXContainerItemProxy */;
		};
		AE6A14431EAF23F7005026C5 /* PBXTargetDependency */ = {
			isa = PBXTargetDependency;
			target = AE6A141E1EAF23F7005026C5 /* webview-sample */;
			targetProxy = AE6A14421EAF23F7005026C5 /* PBXContainerItemProxy */;
		};
/* End PBXTargetDependency section */

/* Begin PBXVariantGroup section */
		AE6A14261EAF23F7005026C5 /* Main.storyboard */ = {
			isa = PBXVariantGroup;
			children = (
				AE6A14271EAF23F7005026C5 /* Base */,
			);
			name = Main.storyboard;
			sourceTree = "<group>";
		};
		AE6A142E1EAF23F7005026C5 /* LaunchScreen.storyboard */ = {
			isa = PBXVariantGroup;
			children = (
				AE6A142F1EAF23F7005026C5 /* Base */,
			);
			name = LaunchScreen.storyboard;
			sourceTree = "<group>";
		};
/* End PBXVariantGroup section */

/* Begin XCBuildConfiguration section */
		AE6A14481EAF23F7005026C5 /* Debug */ = {
			isa = XCBuildConfiguration;
			buildSettings = {
				ALWAYS_SEARCH_USER_PATHS = NO;
				CLANG_ANALYZER_NONNULL = YES;
				CLANG_CXX_LANGUAGE_STANDARD = "gnu++0x";
				CLANG_CXX_LIBRARY = "libc++";
				CLANG_ENABLE_MODULES = YES;
				CLANG_ENABLE_OBJC_ARC = YES;
				CLANG_WARN_BOOL_CONVERSION = YES;
				CLANG_WARN_CONSTANT_CONVERSION = YES;
				CLANG_WARN_DIRECT_OBJC_ISA_USAGE = YES_ERROR;
				CLANG_WARN_DOCUMENTATION_COMMENTS = YES;
				CLANG_WARN_EMPTY_BODY = YES;
				CLANG_WARN_ENUM_CONVERSION = YES;
				CLANG_WARN_INFINITE_RECURSION = YES;
				CLANG_WARN_INT_CONVERSION = YES;
				CLANG_WARN_OBJC_ROOT_CLASS = YES_ERROR;
				CLANG_WARN_SUSPICIOUS_MOVE = YES;
				CLANG_WARN_UNREACHABLE_CODE = YES;
				CLANG_WARN__DUPLICATE_METHOD_MATCH = YES;
				"CODE_SIGN_IDENTITY[sdk=iphoneos*]" = "iPhone Developer";
				COPY_PHASE_STRIP = NO;
				DEBUG_INFORMATION_FORMAT = dwarf;
				ENABLE_STRICT_OBJC_MSGSEND = YES;
				ENABLE_TESTABILITY = YES;
				GCC_C_LANGUAGE_STANDARD = gnu99;
				GCC_DYNAMIC_NO_PIC = NO;
				GCC_NO_COMMON_BLOCKS = YES;
				GCC_OPTIMIZATION_LEVEL = 0;
				GCC_PREPROCESSOR_DEFINITIONS = (
					"DEBUG=1",
					"$(inherited)",
				);
				GCC_WARN_64_TO_32_BIT_CONVERSION = YES;
				GCC_WARN_ABOUT_RETURN_TYPE = YES_ERROR;
				GCC_WARN_UNDECLARED_SELECTOR = YES;
				GCC_WARN_UNINITIALIZED_AUTOS = YES_AGGRESSIVE;
				GCC_WARN_UNUSED_FUNCTION = YES;
				GCC_WARN_UNUSED_VARIABLE = YES;
				IPHONEOS_DEPLOYMENT_TARGET = 10.2;
				MTL_ENABLE_DEBUG_INFO = YES;
				ONLY_ACTIVE_ARCH = YES;
				SDKROOT = iphoneos;
				SWIFT_ACTIVE_COMPILATION_CONDITIONS = DEBUG;
				SWIFT_OPTIMIZATION_LEVEL = "-Onone";
				TARGETED_DEVICE_FAMILY = "1,2";
			};
			name = Debug;
		};
		AE6A14491EAF23F7005026C5 /* Release */ = {
			isa = XCBuildConfiguration;
			buildSettings = {
				ALWAYS_SEARCH_USER_PATHS = NO;
				CLANG_ANALYZER_NONNULL = YES;
				CLANG_CXX_LANGUAGE_STANDARD = "gnu++0x";
				CLANG_CXX_LIBRARY = "libc++";
				CLANG_ENABLE_MODULES = YES;
				CLANG_ENABLE_OBJC_ARC = YES;
				CLANG_WARN_BOOL_CONVERSION = YES;
				CLANG_WARN_CONSTANT_CONVERSION = YES;
				CLANG_WARN_DIRECT_OBJC_ISA_USAGE = YES_ERROR;
				CLANG_WARN_DOCUMENTATION_COMMENTS = YES;
				CLANG_WARN_EMPTY_BODY = YES;
				CLANG_WARN_ENUM_CONVERSION = YES;
				CLANG_WARN_INFINITE_RECURSION = YES;
				CLANG_WARN_INT_CONVERSION = YES;
				CLANG_WARN_OBJC_ROOT_CLASS = YES_ERROR;
				CLANG_WARN_SUSPICIOUS_MOVE = YES;
				CLANG_WARN_UNREACHABLE_CODE = YES;
				CLANG_WARN__DUPLICATE_METHOD_MATCH = YES;
				"CODE_SIGN_IDENTITY[sdk=iphoneos*]" = "iPhone Developer";
				COPY_PHASE_STRIP = NO;
				DEBUG_INFORMATION_FORMAT = "dwarf-with-dsym";
				ENABLE_NS_ASSERTIONS = NO;
				ENABLE_STRICT_OBJC_MSGSEND = YES;
				GCC_C_LANGUAGE_STANDARD = gnu99;
				GCC_NO_COMMON_BLOCKS = YES;
				GCC_WARN_64_TO_32_BIT_CONVERSION = YES;
				GCC_WARN_ABOUT_RETURN_TYPE = YES_ERROR;
				GCC_WARN_UNDECLARED_SELECTOR = YES;
				GCC_WARN_UNINITIALIZED_AUTOS = YES_AGGRESSIVE;
				GCC_WARN_UNUSED_FUNCTION = YES;
				GCC_WARN_UNUSED_VARIABLE = YES;
				IPHONEOS_DEPLOYMENT_TARGET = 10.2;
				MTL_ENABLE_DEBUG_INFO = NO;
				SDKROOT = iphoneos;
				SWIFT_OPTIMIZATION_LEVEL = "-Owholemodule";
				TARGETED_DEVICE_FAMILY = "1,2";
				VALIDATE_PRODUCT = YES;
			};
			name = Release;
		};
		AE6A144B1EAF23F7005026C5 /* Debug */ = {
			isa = XCBuildConfiguration;
			baseConfigurationReference = CA8BBDF15AE15ACCD689925C /* Pods-webview-sample.debug.xcconfig */;
			buildSettings = {
				ASSETCATALOG_COMPILER_APPICON_NAME = AppIcon;
				DEVELOPMENT_TEAM = J9LYVN4269;
				INFOPLIST_FILE = "webview-sample/Info.plist";
				IPHONEOS_DEPLOYMENT_TARGET = 9.0;
				LD_RUNPATH_SEARCH_PATHS = "$(inherited) @executable_path/Frameworks";
				PRODUCT_BUNDLE_IDENTIFIER = "com.webview-sample";
				PRODUCT_NAME = "$(TARGET_NAME)";
				SWIFT_VERSION = 3.0;
			};
			name = Debug;
		};
		AE6A144C1EAF23F7005026C5 /* Release */ = {
			isa = XCBuildConfiguration;
			baseConfigurationReference = 6240EA0299FBAEC11C530A45 /* Pods-webview-sample.release.xcconfig */;
			buildSettings = {
				ASSETCATALOG_COMPILER_APPICON_NAME = AppIcon;
				INFOPLIST_FILE = "webview-sample/Info.plist";
				IPHONEOS_DEPLOYMENT_TARGET = 9.0;
				LD_RUNPATH_SEARCH_PATHS = "$(inherited) @executable_path/Frameworks";
				PRODUCT_BUNDLE_IDENTIFIER = "com.webview-sample";
				PRODUCT_NAME = "$(TARGET_NAME)";
				SWIFT_VERSION = 3.0;
			};
			name = Release;
		};
		AE6A144E1EAF23F7005026C5 /* Debug */ = {
			isa = XCBuildConfiguration;
			baseConfigurationReference = AD0DFCAF1D7A77B0DF6C0751 /* Pods-webview-sampleTests.debug.xcconfig */;
			buildSettings = {
				ALWAYS_EMBED_SWIFT_STANDARD_LIBRARIES = YES;
				BUNDLE_LOADER = "$(TEST_HOST)";
				INFOPLIST_FILE = "webview-sampleTests/Info.plist";
				LD_RUNPATH_SEARCH_PATHS = "$(inherited) @executable_path/Frameworks @loader_path/Frameworks";
				PRODUCT_BUNDLE_IDENTIFIER = "com.webview-sampleTests";
				PRODUCT_NAME = "$(TARGET_NAME)";
				SWIFT_VERSION = 3.0;
				TEST_HOST = "$(BUILT_PRODUCTS_DIR)/webview-sample.app/webview-sample";
			};
			name = Debug;
		};
		AE6A144F1EAF23F7005026C5 /* Release */ = {
			isa = XCBuildConfiguration;
			baseConfigurationReference = 375AE4861AB04527EC375C6E /* Pods-webview-sampleTests.release.xcconfig */;
			buildSettings = {
				ALWAYS_EMBED_SWIFT_STANDARD_LIBRARIES = YES;
				BUNDLE_LOADER = "$(TEST_HOST)";
				INFOPLIST_FILE = "webview-sampleTests/Info.plist";
				LD_RUNPATH_SEARCH_PATHS = "$(inherited) @executable_path/Frameworks @loader_path/Frameworks";
				PRODUCT_BUNDLE_IDENTIFIER = "com.y-kazuta.webview-sampleTests";
				PRODUCT_NAME = "$(TARGET_NAME)";
				SWIFT_VERSION = 3.0;
				TEST_HOST = "$(BUILT_PRODUCTS_DIR)/webview-sample.app/webview-sample";
			};
			name = Release;
		};
		AE6A14511EAF23F7005026C5 /* Debug */ = {
			isa = XCBuildConfiguration;
			baseConfigurationReference = D44A662374D5DD9ABF831A3E /* Pods-webview-sampleUITests.debug.xcconfig */;
			buildSettings = {
				ALWAYS_EMBED_SWIFT_STANDARD_LIBRARIES = YES;
				INFOPLIST_FILE = "webview-sampleUITests/Info.plist";
				LD_RUNPATH_SEARCH_PATHS = "$(inherited) @executable_path/Frameworks @loader_path/Frameworks";
				PRODUCT_BUNDLE_IDENTIFIER = "com.y-kazuta.webview-sampleUITests";
				PRODUCT_NAME = "$(TARGET_NAME)";
				SWIFT_VERSION = 3.0;
				TEST_TARGET_NAME = "webview-sample";
			};
			name = Debug;
		};
		AE6A14521EAF23F7005026C5 /* Release */ = {
			isa = XCBuildConfiguration;
			baseConfigurationReference = B0980D7D90D2C7EFDF2AA20C /* Pods-webview-sampleUITests.release.xcconfig */;
			buildSettings = {
				ALWAYS_EMBED_SWIFT_STANDARD_LIBRARIES = YES;
				INFOPLIST_FILE = "webview-sampleUITests/Info.plist";
				LD_RUNPATH_SEARCH_PATHS = "$(inherited) @executable_path/Frameworks @loader_path/Frameworks";
				PRODUCT_BUNDLE_IDENTIFIER = "com.y-kazuta.webview-sampleUITests";
				PRODUCT_NAME = "$(TARGET_NAME)";
				SWIFT_VERSION = 3.0;
				TEST_TARGET_NAME = "webview-sample";
			};
			name = Release;
		};
/* End XCBuildConfiguration section */

/* Begin XCConfigurationList section */
		AE6A141A1EAF23F7005026C5 /* Build configuration list for PBXProject "webview-sample" */ = {
			isa = XCConfigurationList;
			buildConfigurations = (
				AE6A14481EAF23F7005026C5 /* Debug */,
				AE6A14491EAF23F7005026C5 /* Release */,
			);
			defaultConfigurationIsVisible = 0;
			defaultConfigurationName = Release;
		};
		AE6A144A1EAF23F7005026C5 /* Build configuration list for PBXNativeTarget "webview-sample" */ = {
			isa = XCConfigurationList;
			buildConfigurations = (
				AE6A144B1EAF23F7005026C5 /* Debug */,
				AE6A144C1EAF23F7005026C5 /* Release */,
			);
			defaultConfigurationIsVisible = 0;
			defaultConfigurationName = Release;
		};
		AE6A144D1EAF23F7005026C5 /* Build configuration list for PBXNativeTarget "webview-sampleTests" */ = {
			isa = XCConfigurationList;
			buildConfigurations = (
				AE6A144E1EAF23F7005026C5 /* Debug */,
				AE6A144F1EAF23F7005026C5 /* Release */,
			);
			defaultConfigurationIsVisible = 0;
			defaultConfigurationName = Release;
		};
		AE6A14501EAF23F7005026C5 /* Build configuration list for PBXNativeTarget "webview-sampleUITests" */ = {
			isa = XCConfigurationList;
			buildConfigurations = (
				AE6A14511EAF23F7005026C5 /* Debug */,
				AE6A14521EAF23F7005026C5 /* Release */,
			);
			defaultConfigurationIsVisible = 0;
			defaultConfigurationName = Release;
		};
/* End XCConfigurationList section */

/* Begin XCVersionGroup section */
		AE6A14291EAF23F7005026C5 /* webview_sample.xcdatamodeld */ = {
			isa = XCVersionGroup;
			children = (
				AE6A142A1EAF23F7005026C5 /* webview_sample.xcdatamodel */,
			);
			currentVersion = AE6A142A1EAF23F7005026C5 /* webview_sample.xcdatamodel */;
			path = webview_sample.xcdatamodeld;
			sourceTree = "<group>";
			versionGroupType = wrapper.xcdatamodel;
		};
/* End XCVersionGroup section */
	};
	rootObject = AE6A14171EAF23F7005026C5 /* Project object */;
}
